<?xml version="1.0" encoding="utf-8"?>
<Project ToolsVersion="4.0" xmlns="http://schemas.microsoft.com/developer/msbuild/2003">
  <ItemGroup>
    <Filter Include="source">
      <UniqueIdentifier>{4FC737F1-C7A5-4376-A066-2A32D752A2FF}</UniqueIdentifier>
      <Extensions>cpp;c;cc;cxx;c++;cppm;ixx;def;odl;idl;hpj;bat;asm;asmx</Extensions>
    </Filter>
    <Filter Include="include">
      <UniqueIdentifier>{93995380-89BD-4b04-88EB-625FBE52EBFB}</UniqueIdentifier>
      <Extensions>h;hh;hpp;hxx;h++;hm;inl;inc;ipp;xsd</Extensions>
    </Filter>
  </ItemGroup>
  <ItemGroup>
    <ClCompile Include="p04.c">
      <Filter>source</Filter>
    </ClCompile>
    <ClCompile Include="p05.c">
      <Filter>source</Filter>
    </ClCompile>
    <ClCompile Include="p06.c">
      <Filter>source</Filter>
    </ClCompile>
    <ClCompile Include="p07.c">
      <Filter>source</Filter>
    </ClCompile>
    <ClCompile Include="p08.c">
      <Filter>source</Filter>
    </ClCompile>
    <ClCompile Include="p13.c">
      <Filter>source</Filter>
    </ClCompile>
    <ClCompile Include="p14.c">
      <Filter>source</Filter>
    </ClCompile>
    <ClCompile Include="p19.c">
      <Filter>source</Filter>
    </ClCompile>
    <ClCompile Include="p21.c">
      <Filter>source</Filter>
    </ClCompile>
    <ClCompile Include="p25.c">
      <Filter>source</Filter>
    </ClCompile>
    <ClCompile Include="p26.c">
      <Filter>source</Filter>
    </ClCompile>
    <ClCompile Include="p28.c">
      <Filter>source</Filter>
    </ClCompile>
    <ClCompile Include="p30.c">
      <Filter>source</Filter>
    </ClCompile>
    <ClCompile Include="p37.c">
      <Filter>source</Filter>
    </ClCompile>
    <ClCompile Include="6.11.c">
      <Filter>source</Filter>
    </ClCompile>
  </ItemGroup>
</Project>